version = 1
revision = 3
requires-python = ">=3.13"

[[package]]
name = "adbc-driver-manager"
version = "1.11.0"
source = { registry = "https://pypi.org/simple" }
dependencies = [
    { name = "typing-extensions" },
]
sdist = { url = "https://files.pythonhosted.org/packages/e9/5e/50aab18cb501e42d3aca3cd2cc26c6637094fcaf5b6576e350c444188f1f/adbc_driver_manager-1.11.0.tar.gz", hash = "sha256:c64aaabeb5810109ab3d2961008f1b014e9f2d87b3df4416c2a080a40237af50", size = 233059, upload-time = "2026-04-07T00:17:28.263Z" }
wheels = [
    { url = "https://files.pythonhosted.org/packages/57/a4/a5e1a49b88bc248a6489fd5221369aca0df06761b858af926e702f36abb7/adbc_driver_manager-1.11.0-cp313-cp313-macosx_10_15_x86_64.whl", hash = "sha256:300b07f4c1113b113e18dddcb9d96dd8b84f09fa35f8e4e3e8a2f112f291142c", size = 608355, upload-time = "2026-04-07T00:15:55.907Z" },
    { url = "https://files.pythonhosted.org/packages/30/38/21bf51455d170199981462ecb8765153d1340dcff3f696910f44fe0535e5/adbc_driver_manager-1.11.0-cp313-cp313-macosx_11_0_arm64.whl", hash = "sha256:f577be7c4730a43bae08f88105317d7e1d519d02a94aaa98da694358084a4735", size = 582871, upload-time = "2026-04-07T00:15:57.605Z" },
    { url = "https://files.pythonhosted.org/packages/4c/aa/40bdf0f612bd88eb2fdad70e1cd3f88b8619a0ec66c312acd61170f61837/adbc_driver_manager-1.11.0-cp313-cp313-manylinux_2_26_aarch64.manylinux_2_28_aarch64.whl", hash = "sha256:c980f81730752cdb98881357c238e87110e1810e4a69c7627c2211bd576b6230", size = 4670178, upload-time = "2026-04-07T00:15:59.516Z" },
    { url = "https://files.pythonhosted.org/packages/ba/8c/8dcb40ed4f4ce3ccd1bda988e8d8bd37984ba223a339433d336502966697/adbc_driver_manager-1.11.0-cp313-cp313-manylinux_2_27_x86_64.manylinux_2_28_x86_64.whl", hash = "sha256:cbc93830500a2f0db7b32501a4f88678fac14b9a9921d94d919439a5b65099e6", size = 4746822, upload-time = "2026-04-07T00:16:02.437Z" },
    { url = "https://files.pythonhosted.org/packages/07/b9/df5ac9db38ce4b683d19d94fb8a296d48306b1712d93f38ef25d7c36c253/adbc_driver_manager-1.11.0-cp313-cp313-win_amd64.whl", hash = "sha256:0c27cff12cdf074d9052bf8c4775ed1904053189a70497fa7b5746f0dbe326d8", size = 771492, upload-time = "2026-04-07T00:16:15.651Z" },
    { url = "https://files.pythonhosted.org/packages/8f/af/4e050e6dbb0dfed99d631351bc47b6520d073529ac619bbecb5ad4adf015/adbc_driver_manager-1.11.0-cp313-cp313t-macosx_10_15_x86_64.whl", hash = "sha256:d8fdeb10ea464dce88feffe23f35cc37a44ac6bad4e90e793416a3c60afb354f", size = 625664, upload-time = "2026-04-07T00:16:04.311Z" },
    { url = "https://files.pythonhosted.org/packages/47/f8/a009ecc7f889feb9cf3546bfb4e998ac88399eb06e2c75dd7d2972384bf7/adbc_driver_manager-1.11.0-cp313-cp313t-macosx_11_0_arm64.whl", hash = "sha256:cc565ed5d9f8c7974bbaff60c30c8330dae5a903592618a303291db4227b3d54", size = 603642, upload-time = "2026-04-07T00:16:06.758Z" },
    { url = "https://files.pythonhosted.org/packages/53/c4/15af4bf5a3bfb76eead95a8cd5e1117098e64d046c3bb6eea0f502266523/adbc_driver_manager-1.11.0-cp313-cp313t-manylinux_2_26_aarch64.manylinux_2_28_aarch64.whl", hash = "sha256:9523ca4e8943aa7b43958762bc9d1cb0b5355cd84855359a91c54a4bae9a75df", size = 4733746, upload-time = "2026-04-07T00:16:09.5Z" },
    { url = "https://files.pythonhosted.org/packages/40/72/dd76e63f8e787f2c313354e51152750f802061e21b4511e1bd9db467eca1/adbc_driver_manager-1.11.0-cp313-cp313t-manylinux_2_27_x86_64.manylinux_2_28_x86_64.whl", hash = "sha256:54dc142fc8065e13c6347fb3f2acb48430e3cab6863f27276a2b53594cc055b5", size = 4773869, upload-time = "2026-04-07T00:16:13.438Z" },
    { url = "https://files.pythonhosted.org/packages/73/98/7a94f2aa7dbf470d4933a059bd66ee830fcea64422f95513dc9ab5fab910/adbc_driver_manager-1.11.0-cp314-cp314-macosx_10_15_x86_64.whl", hash = "sha256:f6fcd6fe4f82f8f2fc83948ed2b0b549d0831253d449f5734603cc03850e4f47", size = 609370, upload-time = "2026-04-07T00:16:18.336Z" },
    { url = "https://files.pythonhosted.org/packages/fa/c3/bd62e3094a07bb5a3eebd4e185953df02e1b3582091872457899a1a12d74/adbc_driver_manager-1.11.0-cp314-cp314-macosx_11_0_arm64.whl", hash = "sha256:4b4293fc88d0683b6ea9fe1b7d7498c5ae9b4f53a93369c760cfa753a22039c0", size = 585560, upload-time = "2026-04-07T00:16:20.566Z" },
    { url = "https://files.pythonhosted.org/packages/19/6c/4aabac7ed4d5944f544b7cf7881d50fe4b34eac908605291b633a53be875/adbc_driver_manager-1.11.0-cp314-cp314-manylinux_2_26_aarch64.manylinux_2_28_aarch64.whl", hash = "sha256:5a2d6d1971ce104e41e3969afee8d5782ebcb06bf496606aa4eed2005fbead43", size = 4668783, upload-time = "2026-04-07T00:16:23.798Z" },
    { url = "https://files.pythonhosted.org/packages/47/67/3bf52e5ec427b0b88cbaa8e059b6c79851db0742db712a5f58a0e3f666be/adbc_driver_manager-1.11.0-cp314-cp314-manylinux_2_27_x86_64.manylinux_2_28_x86_64.whl", hash = "sha256:24ef0e33bab3b0480e85d954f88664b578ea045efdc644681c5a487982818e5f", size = 4735326, upload-time = "2026-04-07T00:16:27.348Z" },
    { url = "https://files.pythonhosted.org/packages/33/64/5247eb91f9902e7111bf7a75c1af4da7a1818e31a26a754d97d0f0df7dcb/adbc_driver_manager-1.11.0-cp314-cp314-win_amd64.whl", hash = "sha256:830efd3f212a6360ad66c09fd95171a26a1006a51c893f72238dfb50e0f35e13", size = 789628, upload-time = "2026-04-07T00:16:42.101Z" },
    { url = "https://files.pythonhosted.org/packages/5f/57/9186febf1a550f7d8935aa9842bffbe3ff9848de2bdef066acd6a86f5bf8/adbc_driver_manager-1.11.0-cp314-cp314t-macosx_10_15_x86_64.whl", hash = "sha256:b5e97d4cb3f5a798e18c802dd1f3d1bf7b77d763cdc707ac295907bf223d1ae8", size = 626086, upload-time = "2026-04-07T00:16:29.184Z" },
    { url = "https://files.pythonhosted.org/packages/11/53/6e988bfbf8292cbf59b663e1e3ba6efe94f703c74061f8c0d2b182963899/adbc_driver_manager-1.11.0-cp314-cp314t-macosx_11_0_arm64.whl", hash = "sha256:2e4e155cae12667aa383750d879e177ada3ab0c351f8306d96e33fbe6949f6f4", size = 604608, upload-time = "2026-04-07T00:16:31.14Z" },
    { url = "https://files.pythonhosted.org/packages/33/d6/e9cb77e9840b12382da49cc22a93c224d9607969b76b0062bf6114119f61/adbc_driver_manager-1.11.0-cp314-cp314t-manylinux_2_26_aarch64.manylinux_2_28_aarch64.whl", hash = "sha256:dfb736661f95eb8fc185a4b9951b2e61734633c7448e8d3d937e93ef1d9e5c08", size = 4738703, upload-time = "2026-04-07T00:16:34.416Z" },
    { url = "https://files.pythonhosted.org/packages/c0/b3/c1b800c313e4e2cb7bec4a5334d4c89329eb021317c9fb3e3794a49e02d0/adbc_driver_manager-1.11.0-cp314-cp314t-manylinux_2_27_x86_64.manylinux_2_28_x86_64.whl", hash = "sha256:e87a6f2b70baf21d3c52b280a17e2e8516197a4670b9a080a07dd255f2ab6e9d", size = 4778585, upload-time = "2026-04-07T00:16:37.775Z" },
    { url = "https://files.pythonhosted.org/packages/04/3d/dc32f50d0ad1d748461422c7a6cad2a49b778aa4fdcbebe08e38789d7898/adbc_driver_manager-1.11.0-cp314-cp314t-win_amd64.whl", hash = "sha256:b853e613c6c8afbe7a3fcea0098c88b935a4d1e1b046813aed1fe7363c7b8fc7", size = 830178, upload-time = "2026-04-07T00:16:40.247Z" },
]

[[package]]
name = "adbc-driver-sqlite"
version = "1.11.0"
source = { registry = "https://pypi.org/simple" }
dependencies = [
    { name = "adbc-driver-manager" },
    { name = "importlib-resources" },
]
sdist = { url = "https://files.pythonhosted.org/packages/3a/dd/8a5f4908aa4bdec64dcd672734fa314d692517458ce169591639d0123fe1/adbc_driver_sqlite-1.11.0.tar.gz", hash = "sha256:a4c6b4962610f7cd67cd754c42dd74e18a2c11fabeec9488c5501d73ae62dc62", size = 28885, upload-time = "2026-04-07T00:17:31.325Z" }
wheels = [
    { url = "https://files.pythonhosted.org/packages/fe/5b/f03b0b654abb679066da022d064b083752d3df6b4e0c9e8f451a1aa82f75/adbc_driver_sqlite-1.11.0-py3-none-macosx_10_15_x86_64.whl", hash = "sha256:d227ab10a56b0b5f106d9f85f3f8bce8b75c2b34a28ad962b71e8a3a0b6dc0ed", size = 1414587, upload-time = "2026-04-07T00:17:16.744Z" },
    { url = "https://files.pythonhosted.org/packages/bd/f4/26da6de1ff772bfc95c2257a0d9e7b7d1d3525e5170f6d67d715138e6690/adbc_driver_sqlite-1.11.0-py3-none-macosx_11_0_arm64.whl", hash = "sha256:98fd35e14c85e44eeffae1ef9a56466169719ad7bd15e314c2ff88c342e50d9d", size = 1362696, upload-time = "2026-04-07T00:17:18.821Z" },
    { url = "https://files.pythonhosted.org/packages/52/aa/ab2373cdac52ebcf42fd6cc80f9cdb7b98416ff15f6cd340aa4cceaf970e/adbc_driver_sqlite-1.11.0-py3-none-manylinux_2_28_aarch64.whl", hash = "sha256:9c28401c31d775d5506ed1188b73de9f7ed1a292927157f2171c7dca67f6cb9e", size = 1501255, upload-time = "2026-04-07T00:17:20.862Z" },
    { url = "https://files.pythonhosted.org/packages/09/05/a2dec7d6e4300f3c81b75d727007a146977f018765c8b0607ed49b28e0dd/adbc_driver_sqlite-1.11.0-py3-none-manylinux_2_28_x86_64.whl", hash = "sha256:2bcab0cfe9380c1691cf995430f8b0b56bf8b9875d8fd9d69a5aecf2b72159e6", size = 1550696, upload-time = "2026-04-07T00:17:22.833Z" },
    { url = "https://files.pythonhosted.org/packages/0a/35/d189ce413bdeda6dae71eaa1effd96ec0a2f82ef0a1693e20a36a7082504/adbc_driver_sqlite-1.11.0-py3-none-win_amd64.whl", hash = "sha256:e41246c5bf929bb5d768227606eb10add420171134ae6ba7928136376f5842fd", size = 1378169, upload-time = "2026-04-07T00:17:24.783Z" },
]

[[package]]
name = "importlib-resources"
version = "7.1.0"
source = { registry = "https://pypi.org/simple" }
sdist = { url = "https://files.pythonhosted.org/packages/e4/06/b56dfa750b44e86157093bc8fca0ab81dccbf5260510de4eaf1cb69b5b99/importlib_resources-7.1.0.tar.gz", hash = "sha256:0722d4c6212489c530f2a145a34c0a7a3b4721bc96a15fada5930e2a0b760708", size = 44985, upload-time = "2026-04-12T16:36:09.232Z" }
wheels = [
    { url = "https://files.pythonhosted.org/packages/8a/db/55a262f3606bebcae07cc14095338471ad7c0bbcaa37707e6f0ee49725b7/importlib_resources-7.1.0-py3-none-any.whl", hash = "sha256:1bd7b48b4088eddb2cd16382150bb515af0bd2c70128194392725f82ad2c96a1", size = 37232, upload-time = "2026-04-12T16:36:08.219Z" },
]

[[package]]
name = "narwhals"
version = "2.22.1"
source = { registry = "https://pypi.org/simple" }
sdist = { url = "https://files.pythonhosted.org/packages/62/3c/c4ef2164a71c1a63d7f1ae411c4082c5fa872405106db60a4b7114989ad7/narwhals-2.22.1.tar.gz", hash = "sha256:d62920805a0a43b7ff8b54b0c0d3142d796f8a9301836ada37e573d6a33cbcd9", size = 647493, upload-time = "2026-06-05T12:34:34.051Z" }
wheels = [
    { url = "https://files.pythonhosted.org/packages/48/ca/36339329c4604adbcc99c899b7eb1ce1a555c499b6a6860757dc9bfed36d/narwhals-2.22.1-py3-none-any.whl", hash = "sha256:60567d774edf77db53906f89d9fbd164e66e56d66d388e1e6990f17ac33cfb53", size = 454815, upload-time = "2026-06-05T12:34:32.289Z" },
]

[[package]]
name = "packaging"
version = "26.2"
source = { registry = "https://pypi.org/simple" }
sdist = { url = "https://files.pythonhosted.org/packages/d7/f1/e7a6dd94a8d4a5626c03e4e99c87f241ba9e350cd9e6d75123f992427270/packaging-26.2.tar.gz", hash = "sha256:ff452ff5a3e828ce110190feff1178bb1f2ea2281fa2075aadb987c2fb221661", size = 228134, upload-time = "2026-04-24T20:15:23.917Z" }
wheels = [
    { url = "https://files.pythonhosted.org/packages/df/b2/87e62e8c3e2f4b32e5fe99e0b86d576da1312593b39f47d8ceef365e95ed/packaging-26.2-py3-none-any.whl", hash = "sha256:5fc45236b9446107ff2415ce77c807cee2862cb6fac22b8a73826d0693b0980e", size = 100195, upload-time = "2026-04-24T20:15:22.081Z" },
]

[[package]]
name = "plotly"
version = "6.8.0"
source = { registry = "https://pypi.org/simple" }
dependencies = [
    { name = "narwhals" },
    { name = "packaging" },
]
sdist = { url = "https://files.pythonhosted.org/packages/94/fd/d72c292d78aadb93d1a9bcd76bf3c678271040c7cf10abe5788b33040a39/plotly-6.8.0.tar.gz", hash = "sha256:e088e7ddc68d4f70e3d66659224727a45296d71d2b8284181862d3d8f1f0d88f", size = 6915161, upload-time = "2026-06-03T18:33:40.226Z" }
wheels = [
    { url = "https://files.pythonhosted.org/packages/f9/14/abe5ce876ab5b66ee3c691bf537fcd43d037aea55d447aacf74630a8f31e/plotly-6.8.0-py3-none-any.whl", hash = "sha256:13c5c4a0f70b74cab1913eda0de49b826df5931708eb6f9c3010040614700ec8", size = 9902055, upload-time = "2026-06-03T18:33:34.26Z" },
]

[[package]]
name = "polars"
version = "1.41.2"
source = { registry = "https://pypi.org/simple" }
dependencies = [
    { name = "polars-runtime-32" },
]
sdist = { url = "https://files.pythonhosted.org/packages/ff/f9/aeda46259b0669247a160315d2d51269de9504b9dd2f70acadbcb22f46b7/polars-1.41.2.tar.gz", hash = "sha256:256d6731162371b77f3f29a55eacb8c0fc740ddb1a293a01d2ef5b5393c5c708", size = 737996, upload-time = "2026-05-29T17:39:15.604Z" }
wheels = [
    { url = "https://files.pythonhosted.org/packages/1f/22/28f62d24f7db56ac4343588f9362d49b7b4177e55ac47a466fe696b0099b/polars-1.41.2-py3-none-any.whl", hash = "sha256:23ce9a2910b6e3e8d4258770bf44aa17170958df7af6e85feedf4458a04d8d29", size = 833445, upload-time = "2026-05-29T17:37:05.576Z" },
]

[[package]]
name = "polars-runtime-32"
version = "1.41.2"
source = { registry = "https://pypi.org/simple" }
sdist = { url = "https://files.pythonhosted.org/packages/f9/56/54e3ea0e9b64f327179049e4742241cc6b1d3e8fa414b05a057dd26df367/polars_runtime_32-1.41.2.tar.gz", hash = "sha256:7af09ec1ab053da2c9669e8d15f809a4083a29be05db57111688b8051062af56", size = 2989474, upload-time = "2026-05-29T17:39:17.257Z" }
wheels = [
    { url = "https://files.pythonhosted.org/packages/d6/9b/fe72a3811c0357cdb06c67bdc7695fa1623ad47948fc523195f5ac31037f/polars_runtime_32-1.41.2-cp310-abi3-macosx_10_12_x86_64.whl", hash = "sha256:95a08346dac337357cdb825c8076df7d36da54c4caa59a5cb41d0a30691c5edd", size = 52265283, upload-time = "2026-05-29T17:37:09.407Z" },
    { url = "https://files.pythonhosted.org/packages/0a/93/fab9da803fd80d9e83ef88c20932f637a10bc611b20415fc322eec84bc44/polars_runtime_32-1.41.2-cp310-abi3-macosx_11_0_arm64.whl", hash = "sha256:dedfaeec2c7f995298da7319dd9431d662e5dd1d0ec51b1459df4a0234ceff52", size = 46571222, upload-time = "2026-05-29T17:37:13.698Z" },
    { url = "https://files.pythonhosted.org/packages/c8/2a/8843f34a8ac57acd058a39b87b03b580dd352a490e9dae0415e02033bdd4/polars_runtime_32-1.41.2-cp310-abi3-manylinux_2_17_aarch64.manylinux2014_aarch64.whl", hash = "sha256:18eea22c5cc34e27f8a60950458ad81e6a9ea75e89363ca1367e14e7e7f781fc", size = 50409372, upload-time = "2026-05-29T17:37:17.875Z" },
    { url = "https://files.pythonhosted.org/packages/6c/c6/92b352fe88cf51bd0a19fb99e1c0cbe46aa26c14dcf7995b89869cd932ae/polars_runtime_32-1.41.2-cp310-abi3-manylinux_2_17_x86_64.manylinux2014_x86_64.whl", hash = "sha256:2630540dfdfb0f36f9b04a07c7c2e3f50bf2ad384113263c1c812007ee9141e0", size = 56405484, upload-time = "2026-05-29T17:37:22.684Z" },
    { url = "https://files.pythonhosted.org/packages/74/c4/bae3174c3b02f6b441d2e58594387abcd509f67a098f682a83b195f08966/polars_runtime_32-1.41.2-cp310-abi3-musllinux_1_2_aarch64.whl", hash = "sha256:20e969e08f9b137e233c04cc04de73d9795f89eb77d34854e40a025965a43763", size = 50603512, upload-time = "2026-05-29T17:37:27.422Z" },
    { url = "https://files.pythonhosted.org/packages/f4/ed/f2d26ae02d92c2689056838ed59e2a626326ad23c2831d58637d25f6c82a/polars_runtime_32-1.41.2-cp310-abi3-musllinux_1_2_x86_64.whl", hash = "sha256:e7016a3deb641b64a31447abbbee0f34bd020a6a9ae34ee6b743837def15e2a4", size = 54328561, upload-time = "2026-05-29T17:37:32.587Z" },
    { url = "https://files.pythonhosted.org/packages/9b/c4/9c3831cc885dc7769e59abf8f583821a5fb4403fd0e4eba0ccc6d47a3d4b/polars_runtime_32-1.41.2-cp310-abi3-win_amd64.whl", hash = "sha256:1e5e5377c315e0dcafdfb2a31adc546abbaeb3f9cb1864e6536523d2af473265", size = 51978643, upload-time = "2026-05-29T17:37:37.443Z" },
    { url = "https://files.pythonhosted.org/packages/cd/c6/79e9f3f270270d7ed5575d92b7bfef49f01abd9275447161275b23b553a8/polars_runtime_32-1.41.2-cp310-abi3-win_arm64.whl", hash = "sha256:843d96f69d18eca53429c1198e58891db7f18111f83b9c419bb45ad9d73eaed5", size = 46006901, upload-time = "2026-05-29T17:37:42.522Z" },
]

[[package]]
name = "teiknical"
version = "0.1.0"
source = { virtual = "." }
dependencies = [
    { name = "adbc-driver-sqlite" },
    { name = "plotly" },
    { name = "polars" },
]

[package.metadata]
requires-dist = [
    { name = "adbc-driver-sqlite", specifier = ">=1.11.0" },
    { name = "plotly", specifier = ">=6.8.0" },
    { name = "polars", specifier = ">=1.41.2" },
]

[[package]]
name = "typing-extensions"
version = "4.15.0"
source = { registry = "https://pypi.org/simple" }
sdist = { url = "https://files.pythonhosted.org/packages/72/94/1a15dd82efb362ac84269196e94cf00f187f7ed21c242792a923cdb1c61f/typing_extensions-4.15.0.tar.gz", hash = "sha256:0cea48d173cc12fa28ecabc3b837ea3cf6f38c6d1136f85cbaaf598984861466", size = 109391, upload-time = "2025-08-25T13:49:26.313Z" }
wheels = [
    { url = "https://files.pythonhosted.org/packages/18/67/36e9267722cc04a6b9f15c7f3441c2363321a3ea07da7ae0c0707beb2a9c/typing_extensions-4.15.0-py3-none-any.whl", hash = "sha256:f0fa19c6845758ab08074a0cfa8b7aecb71c999ca73d62883bc25cc018c4e548", size = 44614, upload-time = "2025-08-25T13:49:24.86Z" },
]
